
Microsoft Visual Studio Solution File, Format Version 12.00
# Visual Studio Version 17
VisualStudioVersion = 17.0.32112.339
MinimumVisualStudioVersion = 10.0.40219.1
Project("{FAE04EC0-301F-11D3-BF4B-00C04F79EFBC}") = "Projeto1", "Projeto1.csproj", "{F86D83A0-EC76-4490-A69E-930AE97491DB}"
EndProject
Global
	GlobalSection(SolutionConfigurationPlatforms) = preSolution
		Debug|Any CPU = Debug|Any CPU
		Release|Any CPU = Release|Any CPU
	EndGlobalSection
	GlobalSection(ProjectConfigurationPlatforms) = postSolution
		{F86D83A0-EC76-4490-A69E-930AE97491DB}.Debug|Any CPU.ActiveCfg = Debug|Any CPU
		{F86D83A0-EC76-4490-A69E-930AE97491DB}.Debug|Any CPU.Build.0 = Debug|Any CPU
		{F86D83A0-EC76-4490-A69E-930AE97491DB}.Release|Any CPU.ActiveCfg = Release|Any CPU
		{F86D83A0-EC76-4490-A69E-930AE97491DB}.Release|Any CPU.Build.0 = Release|Any CPU
	EndGlobalSection
	GlobalSection(SolutionProperties) = preSolution
		HideSolutionNode = FALSE
	EndGlobalSection
	GlobalSection(ExtensibilityGlobals) = postSolution
		SolutionGuid = {A182F571-FA2E-4205-9621-892DA666DD18}
	EndGlobalSection
EndGlobal
